
Microsoft Visual Studio Solution File, Format Version 12.00
# Visual Studio Version 18
VisualStudioVersion = 18.3.11222.16 d18.3
MinimumVisualStudioVersion = 10.0.40219.1
Project("{FAE04EC0-301F-11D3-BF4B-00C04F79EFBC}") = "BlogCategorizer", "BlogCategorizer.csproj", "{FF586A48-A8BA-D0B2-31DF-C2833A174160}"
EndProject
Global
	GlobalSection(SolutionConfigurationPlatforms) = preSolution
		Debug|Any CPU = Debug|Any CPU
		Release|Any CPU = Release|Any CPU
	EndGlobalSection
	GlobalSection(ProjectConfigurationPlatforms) = postSolution
		{FF586A48-A8BA-D0B2-31DF-C2833A174160}.Debug|Any CPU.ActiveCfg = Debug|Any CPU
		{FF586A48-A8BA-D0B2-31DF-C2833A174160}.Debug|Any CPU.Build.0 = Debug|Any CPU
		{FF586A48-A8BA-D0B2-31DF-C2833A174160}.Release|Any CPU.ActiveCfg = Release|Any CPU
		{FF586A48-A8BA-D0B2-31DF-C2833A174160}.Release|Any CPU.Build.0 = Release|Any CPU
	EndGlobalSection
	GlobalSection(SolutionProperties) = preSolution
		HideSolutionNode = FALSE
	EndGlobalSection
	GlobalSection(ExtensibilityGlobals) = postSolution
		SolutionGuid = {EFD80F07-4A83-4BFD-9575-4B8C24A40911}
	EndGlobalSection
EndGlobal
